
Microsoft Visual Studio Solution File, Format Version 12.00
# Visual Studio Version 16
VisualStudioVersion = 16.0.30907.101
MinimumVisualStudioVersion = 10.0.40219.1
Project("{FAE04EC0-301F-11D3-BF4B-00C04F79EFBC}") = "DateMe", "DateMe.csproj", "{7987610A-F5D7-4D2E-B3FA-0A52F9B8C95D}"
EndProject
Global
	GlobalSection(SolutionConfigurationPlatforms) = preSolution
		Debug|Any CPU = Debug|Any CPU
		Release|Any CPU = Release|Any CPU
	EndGlobalSection
	GlobalSection(ProjectConfigurationPlatforms) = postSolution
		{7987610A-F5D7-4D2E-B3FA-0A52F9B8C95D}.Debug|Any CPU.ActiveCfg = Debug|Any CPU
		{7987610A-F5D7-4D2E-B3FA-0A52F9B8C95D}.Debug|Any CPU.Build.0 = Debug|Any CPU
		{7987610A-F5D7-4D2E-B3FA-0A52F9B8C95D}.Release|Any CPU.ActiveCfg = Release|Any CPU
		{7987610A-F5D7-4D2E-B3FA-0A52F9B8C95D}.Release|Any CPU.Build.0 = Release|Any CPU
	EndGlobalSection
	GlobalSection(SolutionProperties) = preSolution
		HideSolutionNode = FALSE
	EndGlobalSection
	GlobalSection(ExtensibilityGlobals) = postSolution
		SolutionGuid = {1EB981C6-13CF-496E-B3FC-D836002D78BD}
	EndGlobalSection
EndGlobal
